
Microsoft Visual Studio Solution File, Format Version 12.00
# Visual Studio Version 16
VisualStudioVersion = 16.0.30225.117
MinimumVisualStudioVersion = 10.0.40219.1
Project("{8BC9CEB8-8B4A-11D0-8D11-00A0C91BC942}") = "server", "server\server.vcxproj", "{16051191-B2CA-441C-BF6A-942F470CA021}"
EndProject
Project("{8BC9CEB8-8B4A-11D0-8D11-00A0C91BC942}") = "client", "client\client.vcxproj", "{14491DA3-BECA-497D-A800-4D6B554F7AF0}"
EndProject
Project("{8BC9CEB8-8B4A-11D0-8D11-00A0C91BC942}") = "core", "core\core.vcxproj", "{CAE0D5CF-1496-46B6-8157-69BE07391962}"
EndProject
Global
	GlobalSection(SolutionConfigurationPlatforms) = preSolution
		Debug|x64 = Debug|x64
		Debug|x86 = Debug|x86
		Release|x64 = Release|x64
		Release|x86 = Release|x86
	EndGlobalSection
	GlobalSection(ProjectConfigurationPlatforms) = postSolution
		{16051191-B2CA-441C-BF6A-942F470CA021}.Debug|x64.ActiveCfg = Debug|x64
		{16051191-B2CA-441C-BF6A-942F470CA021}.Debug|x64.Build.0 = Debug|x64
		{16051191-B2CA-441C-BF6A-942F470CA021}.Debug|x86.ActiveCfg = Debug|Win32
		{16051191-B2CA-441C-BF6A-942F470CA021}.Debug|x86.Build.0 = Debug|Win32
		{16051191-B2CA-441C-BF6A-942F470CA021}.Release|x64.ActiveCfg = Release|x64
		{16051191-B2CA-441C-BF6A-942F470CA021}.Release|x64.Build.0 = Release|x64
		{16051191-B2CA-441C-BF6A-942F470CA021}.Release|x86.ActiveCfg = Release|Win32
		{16051191-B2CA-441C-BF6A-942F470CA021}.Release|x86.Build.0 = Release|Win32
		{14491DA3-BECA-497D-A800-4D6B554F7AF0}.Debug|x64.ActiveCfg = Debug|x64
		{14491DA3-BECA-497D-A800-4D6B554F7AF0}.Debug|x64.Build.0 = Debug|x64
		{14491DA3-BECA-497D-A800-4D6B554F7AF0}.Debug|x86.ActiveCfg = Debug|Win32
		{14491DA3-BECA-497D-A800-4D6B554F7AF0}.Debug|x86.Build.0 = Debug|Win32
		{14491DA3-BECA-497D-A800-4D6B554F7AF0}.Release|x64.ActiveCfg = Release|x64
		{14491DA3-BECA-497D-A800-4D6B554F7AF0}.Release|x64.Build.0 = Release|x64
		{14491DA3-BECA-497D-A800-4D6B554F7AF0}.Release|x86.ActiveCfg = Release|Win32
		{14491DA3-BECA-497D-A800-4D6B554F7AF0}.Release|x86.Build.0 = Release|Win32
		{CAE0D5CF-1496-46B6-8157-69BE07391962}.Debug|x64.ActiveCfg = Debug|x64
		{CAE0D5CF-1496-46B6-8157-69BE07391962}.Debug|x64.Build.0 = Debug|x64
		{CAE0D5CF-1496-46B6-8157-69BE07391962}.Debug|x86.ActiveCfg = Debug|Win32
		{CAE0D5CF-1496-46B6-8157-69BE07391962}.Debug|x86.Build.0 = Debug|Win32
		{CAE0D5CF-1496-46B6-8157-69BE07391962}.Release|x64.ActiveCfg = Release|x64
		{CAE0D5CF-1496-46B6-8157-69BE07391962}.Release|x64.Build.0 = Release|x64
		{CAE0D5CF-1496-46B6-8157-69BE07391962}.Release|x86.ActiveCfg = Release|Win32
		{CAE0D5CF-1496-46B6-8157-69BE07391962}.Release|x86.Build.0 = Release|Win32
	EndGlobalSection
	GlobalSection(SolutionProperties) = preSolution
		HideSolutionNode = FALSE
	EndGlobalSection
	GlobalSection(ExtensibilityGlobals) = postSolution
		SolutionGuid = {39C4429F-846C-4A8C-A05D-D0F10DC1D00E}
	EndGlobalSection
EndGlobal
